
Microsoft Visual Studio Solution File, Format Version 12.00
# Visual Studio 15
VisualStudioVersion = 15.0.27703.2042
MinimumVisualStudioVersion = 10.0.40219.1
Project("{FAE04EC0-301F-11D3-BF4B-00C04F79EFBC}") = "MinesProgram", "MinesProgram\MinesProgram.csproj", "{911556EC-6869-4E4D-9EFE-1E3999B7A0AF}"
EndProject
Global
	GlobalSection(SolutionConfigurationPlatforms) = preSolution
		Debug|Any CPU = Debug|Any CPU
		Release|Any CPU = Release|Any CPU
	EndGlobalSection
	GlobalSection(ProjectConfigurationPlatforms) = postSolution
		{911556EC-6869-4E4D-9EFE-1E3999B7A0AF}.Debug|Any CPU.ActiveCfg = Debug|Any CPU
		{911556EC-6869-4E4D-9EFE-1E3999B7A0AF}.Debug|Any CPU.Build.0 = Debug|Any CPU
		{911556EC-6869-4E4D-9EFE-1E3999B7A0AF}.Release|Any CPU.ActiveCfg = Release|Any CPU
		{911556EC-6869-4E4D-9EFE-1E3999B7A0AF}.Release|Any CPU.Build.0 = Release|Any CPU
	EndGlobalSection
	GlobalSection(SolutionProperties) = preSolution
		HideSolutionNode = FALSE
	EndGlobalSection
	GlobalSection(ExtensibilityGlobals) = postSolution
		SolutionGuid = {945E90B1-6D22-4FC6-B229-4EB7393270B0}
	EndGlobalSection
EndGlobal
